
Microsoft Visual Studio Solution File, Format Version 12.00
# Visual Studio 15
VisualStudioVersion = 15.0.28307.1062
MinimumVisualStudioVersion = 10.0.40219.1
Project("{2150E333-8FDC-42A3-9474-1A3956D46DE8}") = "1 - API", "1 - API", "{6250EEF9-BC82-4ED9-9997-D8050AC51EDB}"
EndProject
Project("{2150E333-8FDC-42A3-9474-1A3956D46DE8}") = "4 - Domain", "4 - Domain", "{D797B24B-EF73-40FB-83EE-6D9F36171F07}"
EndProject
Project("{2150E333-8FDC-42A3-9474-1A3956D46DE8}") = "5 - Infra", "5 - Infra", "{90F19539-AC40-4A77-A7C5-C696002648B5}"
EndProject
Project("{2150E333-8FDC-42A3-9474-1A3956D46DE8}") = "5.1 - Data", "5.1 - Data", "{5F50125B-15C0-4E00-9D29-F978DBE10630}"
EndProject
Project("{2150E333-8FDC-42A3-9474-1A3956D46DE8}") = "5.2 - CrossCutting", "5.2 - CrossCutting", "{8595F059-18C5-45D7-83F7-3DEE2E7A78C8}"
EndProject
Project("{9A19103F-16F7-4668-BE54-9A1E7A4F7556}") = "LT.SO.Domain.Core", "src\LT.SO.Domain.Core\LT.SO.Domain.Core.csproj", "{F5A736D0-D96E-41DC-B486-44774515BFF7}"
EndProject
Project("{9A19103F-16F7-4668-BE54-9A1E7A4F7556}") = "LT.SO.Infra.CrossCutting.Bus", "src\LT.SO.Infra.CrossCutting.Bus\LT.SO.Infra.CrossCutting.Bus.csproj", "{EA3D0ED5-31B5-4ABA-BA8B-FCB5BBAB0979}"
EndProject
Project("{9A19103F-16F7-4668-BE54-9A1E7A4F7556}") = "LT.SO.Infra.CrossCutting.AspNetFilters", "src\LT.SO.Infra.CrossCutting.AspNetFilters\LT.SO.Infra.CrossCutting.AspNetFilters.csproj", "{05B1CBC7-1B36-4304-ACC0-0570A7335205}"
EndProject
Project("{9A19103F-16F7-4668-BE54-9A1E7A4F7556}") = "LT.SO.Infra.CrossCutting.IoC", "src\LT.SO.Infra.CrossCutting.IoC\LT.SO.Infra.CrossCutting.IoC.csproj", "{2E4158DC-68E0-4AE6-8F60-CA679EEB80B2}"
EndProject
Project("{9A19103F-16F7-4668-BE54-9A1E7A4F7556}") = "LT.SO.Services.Api", "src\LT.SO.Services.Api\LT.SO.Services.Api.csproj", "{1247D964-101E-4A8E-9160-AD1634249E4A}"
EndProject
Project("{9A19103F-16F7-4668-BE54-9A1E7A4F7556}") = "LT.SO.Infra.CrossCutting.Identity", "src\LT.SO.Infra.CrossCutting.Identity\LT.SO.Infra.CrossCutting.Identity.csproj", "{986BBFE8-EC5D-4FCF-9807-A62A532DB9C6}"
EndProject
Project("{2150E333-8FDC-42A3-9474-1A3956D46DE8}") = "0 - Presentation", "0 - Presentation", "{5E08CF3C-BA7E-473C-B258-62F49E998EDC}"
EndProject
Project("{9A19103F-16F7-4668-BE54-9A1E7A4F7556}") = "LT.SO.Infra.Data.Log", "src\LT.SO.Infra.Data.Log\LT.SO.Infra.Data.Log.csproj", "{EAD76EC7-1B6A-495E-8DCF-EBBD5ABC0E77}"
EndProject
Project("{9A19103F-16F7-4668-BE54-9A1E7A4F7556}") = "LT.SO.Infra.CrossCutting.Log", "src\LT.SO.Infra.CrossCutting.Log\LT.SO.Infra.CrossCutting.Log.csproj", "{470AD5B7-3394-4C74-A54B-790E69B04DA1}"
EndProject
Project("{9A19103F-16F7-4668-BE54-9A1E7A4F7556}") = "LT.SO.Domain.Gerencial", "src\LT.SO.Domain.Gerencial\LT.SO.Domain.Gerencial.csproj", "{F9D1654C-8707-4C53-B83F-3BEA74275845}"
EndProject
Project("{9A19103F-16F7-4668-BE54-9A1E7A4F7556}") = "LT.SO.Infra.Data.Gerencial", "src\LT.SO.Infra.Data.Gerencial\LT.SO.Infra.Data.Gerencial.csproj", "{B328D0ED-3466-4CAE-B25C-1C204BFC4B34}"
EndProject
Project("{2150E333-8FDC-42A3-9474-1A3956D46DE8}") = "6 - Tests", "6 - Tests", "{437566D8-03C5-466D-974D-96CC45D993AE}"
	ProjectSection(SolutionItems) = preProject
		src\LT.SO.Infra.CrossCutting.IoC\LT.SO.Infra.CrossCutting.IoC.csproj.vspscc = src\LT.SO.Infra.CrossCutting.IoC\LT.SO.Infra.CrossCutting.IoC.csproj.vspscc
	EndProjectSection
EndProject
Project("{9A19103F-16F7-4668-BE54-9A1E7A4F7556}") = "LT.SO.Tests.API", "tests\LT.SO.Tests.API\LT.SO.Tests.API.csproj", "{9918AEE8-7F40-41D9-A94C-53316C491417}"
EndProject
Project("{9A19103F-16F7-4668-BE54-9A1E7A4F7556}") = "LT.SO.Site", "src\LT.SO.Site\LT.SO.Site.csproj", "{D9DC4AEE-38FB-4873-8F6D-3F8AEBCFE64F}"
EndProject
Project("{9A19103F-16F7-4668-BE54-9A1E7A4F7556}") = "LT.SO.Infra.Data.Common", "src\LT.SO.Infra.Data.Common\LT.SO.Infra.Data.Common.csproj", "{FA8E91B3-B2D5-4EEA-8CBB-EA2D250821C8}"
EndProject
Project("{2150E333-8FDC-42A3-9474-1A3956D46DE8}") = "2 - Services", "2 - Services", "{169AF1D3-380A-4649-B30A-B37E3EBD3315}"
EndProject
Project("{2150E333-8FDC-42A3-9474-1A3956D46DE8}") = "Gerencial", "Gerencial", "{3F9EDF1C-0F02-4414-9227-8D4636B55CF2}"
EndProject
Project("{2150E333-8FDC-42A3-9474-1A3956D46DE8}") = "Logs", "Logs", "{CE757008-FFF2-4728-A9F8-5F5B378AD5DA}"
EndProject
Project("{2150E333-8FDC-42A3-9474-1A3956D46DE8}") = "3 - Application", "3 - Application", "{CAC5C8BF-652E-4C22-B5EF-69760C90B518}"
EndProject
Project("{9A19103F-16F7-4668-BE54-9A1E7A4F7556}") = "LT.SO.Application", "src\LT.SO.Application\LT.SO.Application.csproj", "{7670B03D-CC63-421F-B6D8-1E9CDFA9E51F}"
EndProject
Project("{FAE04EC0-301F-11D3-BF4B-00C04F79EFBC}") = "LT.SO.Services.Common", "src\LT.SO.Services.Common\LT.SO.Services.Common.csproj", "{4711A286-2C29-49CA-86C3-CE3B069675DB}"
EndProject
Project("{2150E333-8FDC-42A3-9474-1A3956D46DE8}") = "Usuario", "Usuario", "{482369EE-D855-4A08-B732-B7C4C0E832C1}"
EndProject
Project("{FAE04EC0-301F-11D3-BF4B-00C04F79EFBC}") = "LT.SO.Services.Gerencial.Usuarios", "src\LT.SO.Services.Gerencial.Usuarios\LT.SO.Services.Gerencial.Usuarios.csproj", "{98F794E3-15AF-4EAF-AE93-AB6F2FF06B20}"
EndProject
Global
	GlobalSection(SolutionConfigurationPlatforms) = preSolution
		Debug|Any CPU = Debug|Any CPU
		Release|Any CPU = Release|Any CPU
	EndGlobalSection
	GlobalSection(ProjectConfigurationPlatforms) = postSolution
		{F5A736D0-D96E-41DC-B486-44774515BFF7}.Debug|Any CPU.ActiveCfg = Debug|Any CPU
		{F5A736D0-D96E-41DC-B486-44774515BFF7}.Debug|Any CPU.Build.0 = Debug|Any CPU
		{F5A736D0-D96E-41DC-B486-44774515BFF7}.Release|Any CPU.ActiveCfg = Release|Any CPU
		{F5A736D0-D96E-41DC-B486-44774515BFF7}.Release|Any CPU.Build.0 = Release|Any CPU
		{EA3D0ED5-31B5-4ABA-BA8B-FCB5BBAB0979}.Debug|Any CPU.ActiveCfg = Debug|Any CPU
		{EA3D0ED5-31B5-4ABA-BA8B-FCB5BBAB0979}.Debug|Any CPU.Build.0 = Debug|Any CPU
		{EA3D0ED5-31B5-4ABA-BA8B-FCB5BBAB0979}.Release|Any CPU.ActiveCfg = Release|Any CPU
		{EA3D0ED5-31B5-4ABA-BA8B-FCB5BBAB0979}.Release|Any CPU.Build.0 = Release|Any CPU
		{05B1CBC7-1B36-4304-ACC0-0570A7335205}.Debug|Any CPU.ActiveCfg = Debug|Any CPU
		{05B1CBC7-1B36-4304-ACC0-0570A7335205}.Debug|Any CPU.Build.0 = Debug|Any CPU
		{05B1CBC7-1B36-4304-ACC0-0570A7335205}.Release|Any CPU.ActiveCfg = Release|Any CPU
		{05B1CBC7-1B36-4304-ACC0-0570A7335205}.Release|Any CPU.Build.0 = Release|Any CPU
		{2E4158DC-68E0-4AE6-8F60-CA679EEB80B2}.Debug|Any CPU.ActiveCfg = Debug|Any CPU
		{2E4158DC-68E0-4AE6-8F60-CA679EEB80B2}.Debug|Any CPU.Build.0 = Debug|Any CPU
		{2E4158DC-68E0-4AE6-8F60-CA679EEB80B2}.Release|Any CPU.ActiveCfg = Release|Any CPU
		{2E4158DC-68E0-4AE6-8F60-CA679EEB80B2}.Release|Any CPU.Build.0 = Release|Any CPU
		{1247D964-101E-4A8E-9160-AD1634249E4A}.Debug|Any CPU.ActiveCfg = Debug|Any CPU
		{1247D964-101E-4A8E-9160-AD1634249E4A}.Debug|Any CPU.Build.0 = Debug|Any CPU
		{1247D964-101E-4A8E-9160-AD1634249E4A}.Release|Any CPU.ActiveCfg = Release|Any CPU
		{1247D964-101E-4A8E-9160-AD1634249E4A}.Release|Any CPU.Build.0 = Release|Any CPU
		{986BBFE8-EC5D-4FCF-9807-A62A532DB9C6}.Debug|Any CPU.ActiveCfg = Debug|Any CPU
		{986BBFE8-EC5D-4FCF-9807-A62A532DB9C6}.Debug|Any CPU.Build.0 = Debug|Any CPU
		{986BBFE8-EC5D-4FCF-9807-A62A532DB9C6}.Release|Any CPU.ActiveCfg = Release|Any CPU
		{986BBFE8-EC5D-4FCF-9807-A62A532DB9C6}.Release|Any CPU.Build.0 = Release|Any CPU
		{EAD76EC7-1B6A-495E-8DCF-EBBD5ABC0E77}.Debug|Any CPU.ActiveCfg = Debug|Any CPU
		{EAD76EC7-1B6A-495E-8DCF-EBBD5ABC0E77}.Debug|Any CPU.Build.0 = Debug|Any CPU
		{EAD76EC7-1B6A-495E-8DCF-EBBD5ABC0E77}.Release|Any CPU.ActiveCfg = Release|Any CPU
		{EAD76EC7-1B6A-495E-8DCF-EBBD5ABC0E77}.Release|Any CPU.Build.0 = Release|Any CPU
		{470AD5B7-3394-4C74-A54B-790E69B04DA1}.Debug|Any CPU.ActiveCfg = Debug|Any CPU
		{470AD5B7-3394-4C74-A54B-790E69B04DA1}.Debug|Any CPU.Build.0 = Debug|Any CPU
		{470AD5B7-3394-4C74-A54B-790E69B04DA1}.Release|Any CPU.ActiveCfg = Release|Any CPU
		{470AD5B7-3394-4C74-A54B-790E69B04DA1}.Release|Any CPU.Build.0 = Release|Any CPU
		{F9D1654C-8707-4C53-B83F-3BEA74275845}.Debug|Any CPU.ActiveCfg = Debug|Any CPU
		{F9D1654C-8707-4C53-B83F-3BEA74275845}.Debug|Any CPU.Build.0 = Debug|Any CPU
		{F9D1654C-8707-4C53-B83F-3BEA74275845}.Release|Any CPU.ActiveCfg = Release|Any CPU
		{F9D1654C-8707-4C53-B83F-3BEA74275845}.Release|Any CPU.Build.0 = Release|Any CPU
		{B328D0ED-3466-4CAE-B25C-1C204BFC4B34}.Debug|Any CPU.ActiveCfg = Debug|Any CPU
		{B328D0ED-3466-4CAE-B25C-1C204BFC4B34}.Debug|Any CPU.Build.0 = Debug|Any CPU
		{B328D0ED-3466-4CAE-B25C-1C204BFC4B34}.Release|Any CPU.ActiveCfg = Release|Any CPU
		{B328D0ED-3466-4CAE-B25C-1C204BFC4B34}.Release|Any CPU.Build.0 = Release|Any CPU
		{9918AEE8-7F40-41D9-A94C-53316C491417}.Debug|Any CPU.ActiveCfg = Debug|Any CPU
		{9918AEE8-7F40-41D9-A94C-53316C491417}.Debug|Any CPU.Build.0 = Debug|Any CPU
		{9918AEE8-7F40-41D9-A94C-53316C491417}.Release|Any CPU.ActiveCfg = Release|Any CPU
		{9918AEE8-7F40-41D9-A94C-53316C491417}.Release|Any CPU.Build.0 = Release|Any CPU
		{D9DC4AEE-38FB-4873-8F6D-3F8AEBCFE64F}.Debug|Any CPU.ActiveCfg = Debug|Any CPU
		{D9DC4AEE-38FB-4873-8F6D-3F8AEBCFE64F}.Debug|Any CPU.Build.0 = Debug|Any CPU
		{D9DC4AEE-38FB-4873-8F6D-3F8AEBCFE64F}.Release|Any CPU.ActiveCfg = Release|Any CPU
		{D9DC4AEE-38FB-4873-8F6D-3F8AEBCFE64F}.Release|Any CPU.Build.0 = Release|Any CPU
		{FA8E91B3-B2D5-4EEA-8CBB-EA2D250821C8}.Debug|Any CPU.ActiveCfg = Debug|Any CPU
		{FA8E91B3-B2D5-4EEA-8CBB-EA2D250821C8}.Debug|Any CPU.Build.0 = Debug|Any CPU
		{FA8E91B3-B2D5-4EEA-8CBB-EA2D250821C8}.Release|Any CPU.ActiveCfg = Release|Any CPU
		{FA8E91B3-B2D5-4EEA-8CBB-EA2D250821C8}.Release|Any CPU.Build.0 = Release|Any CPU
		{7670B03D-CC63-421F-B6D8-1E9CDFA9E51F}.Debug|Any CPU.ActiveCfg = Debug|Any CPU
		{7670B03D-CC63-421F-B6D8-1E9CDFA9E51F}.Debug|Any CPU.Build.0 = Debug|Any CPU
		{7670B03D-CC63-421F-B6D8-1E9CDFA9E51F}.Release|Any CPU.ActiveCfg = Release|Any CPU
		{7670B03D-CC63-421F-B6D8-1E9CDFA9E51F}.Release|Any CPU.Build.0 = Release|Any CPU
		{4711A286-2C29-49CA-86C3-CE3B069675DB}.Debug|Any CPU.ActiveCfg = Debug|Any CPU
		{4711A286-2C29-49CA-86C3-CE3B069675DB}.Debug|Any CPU.Build.0 = Debug|Any CPU
		{4711A286-2C29-49CA-86C3-CE3B069675DB}.Release|Any CPU.ActiveCfg = Release|Any CPU
		{4711A286-2C29-49CA-86C3-CE3B069675DB}.Release|Any CPU.Build.0 = Release|Any CPU
		{98F794E3-15AF-4EAF-AE93-AB6F2FF06B20}.Debug|Any CPU.ActiveCfg = Debug|Any CPU
		{98F794E3-15AF-4EAF-AE93-AB6F2FF06B20}.Debug|Any CPU.Build.0 = Debug|Any CPU
		{98F794E3-15AF-4EAF-AE93-AB6F2FF06B20}.Release|Any CPU.ActiveCfg = Release|Any CPU
		{98F794E3-15AF-4EAF-AE93-AB6F2FF06B20}.Release|Any CPU.Build.0 = Release|Any CPU
	EndGlobalSection
	GlobalSection(SolutionProperties) = preSolution
		HideSolutionNode = FALSE
	EndGlobalSection
	GlobalSection(NestedProjects) = preSolution
		{5F50125B-15C0-4E00-9D29-F978DBE10630} = {90F19539-AC40-4A77-A7C5-C696002648B5}
		{8595F059-18C5-45D7-83F7-3DEE2E7A78C8} = {90F19539-AC40-4A77-A7C5-C696002648B5}
		{F5A736D0-D96E-41DC-B486-44774515BFF7} = {D797B24B-EF73-40FB-83EE-6D9F36171F07}
		{EA3D0ED5-31B5-4ABA-BA8B-FCB5BBAB0979} = {8595F059-18C5-45D7-83F7-3DEE2E7A78C8}
		{05B1CBC7-1B36-4304-ACC0-0570A7335205} = {8595F059-18C5-45D7-83F7-3DEE2E7A78C8}
		{2E4158DC-68E0-4AE6-8F60-CA679EEB80B2} = {8595F059-18C5-45D7-83F7-3DEE2E7A78C8}
		{1247D964-101E-4A8E-9160-AD1634249E4A} = {6250EEF9-BC82-4ED9-9997-D8050AC51EDB}
		{986BBFE8-EC5D-4FCF-9807-A62A532DB9C6} = {8595F059-18C5-45D7-83F7-3DEE2E7A78C8}
		{EAD76EC7-1B6A-495E-8DCF-EBBD5ABC0E77} = {5F50125B-15C0-4E00-9D29-F978DBE10630}
		{470AD5B7-3394-4C74-A54B-790E69B04DA1} = {8595F059-18C5-45D7-83F7-3DEE2E7A78C8}
		{F9D1654C-8707-4C53-B83F-3BEA74275845} = {D797B24B-EF73-40FB-83EE-6D9F36171F07}
		{B328D0ED-3466-4CAE-B25C-1C204BFC4B34} = {5F50125B-15C0-4E00-9D29-F978DBE10630}
		{9918AEE8-7F40-41D9-A94C-53316C491417} = {437566D8-03C5-466D-974D-96CC45D993AE}
		{D9DC4AEE-38FB-4873-8F6D-3F8AEBCFE64F} = {5E08CF3C-BA7E-473C-B258-62F49E998EDC}
		{FA8E91B3-B2D5-4EEA-8CBB-EA2D250821C8} = {5F50125B-15C0-4E00-9D29-F978DBE10630}
		{3F9EDF1C-0F02-4414-9227-8D4636B55CF2} = {169AF1D3-380A-4649-B30A-B37E3EBD3315}
		{CE757008-FFF2-4728-A9F8-5F5B378AD5DA} = {169AF1D3-380A-4649-B30A-B37E3EBD3315}
		{7670B03D-CC63-421F-B6D8-1E9CDFA9E51F} = {CAC5C8BF-652E-4C22-B5EF-69760C90B518}
		{4711A286-2C29-49CA-86C3-CE3B069675DB} = {169AF1D3-380A-4649-B30A-B37E3EBD3315}
		{482369EE-D855-4A08-B732-B7C4C0E832C1} = {3F9EDF1C-0F02-4414-9227-8D4636B55CF2}
		{98F794E3-15AF-4EAF-AE93-AB6F2FF06B20} = {482369EE-D855-4A08-B732-B7C4C0E832C1}
	EndGlobalSection
	GlobalSection(ExtensibilityGlobals) = postSolution
		SolutionGuid = {6EDC05DA-65F0-4C4B-A4AB-30EF5BFF3896}
	EndGlobalSection
EndGlobal
